
Microsoft Visual Studio Solution File, Format Version 12.00
# Visual Studio Version 17
VisualStudioVersion = 17.0.31919.166
MinimumVisualStudioVersion = 10.0.40219.1
Project("{8BC9CEB8-8B4A-11D0-8D11-00A0C91BC942}") = "ATM System", "ATM System\ATM System.vcxproj", "{B5027471-654F-408F-BB09-14E892340780}"
EndProject
Project("{8BC9CEB8-8B4A-11D0-8D11-00A0C91BC942}") = "ATM Bank System", "ATM Bank System\ATM Bank System.vcxproj", "{2C8AE4AD-5F09-4D26-9945-7B4154E00E1B}"
EndProject
Global
	GlobalSection(SolutionConfigurationPlatforms) = preSolution
		Debug|x64 = Debug|x64
		Debug|x86 = Debug|x86
		Release|x64 = Release|x64
		Release|x86 = Release|x86
	EndGlobalSection
	GlobalSection(ProjectConfigurationPlatforms) = postSolution
		{B5027471-654F-408F-BB09-14E892340780}.Debug|x64.ActiveCfg = Debug|x64
		{B5027471-654F-408F-BB09-14E892340780}.Debug|x64.Build.0 = Debug|x64
		{B5027471-654F-408F-BB09-14E892340780}.Debug|x86.ActiveCfg = Debug|Win32
		{B5027471-654F-408F-BB09-14E892340780}.Debug|x86.Build.0 = Debug|Win32
		{B5027471-654F-408F-BB09-14E892340780}.Release|x64.ActiveCfg = Release|x64
		{B5027471-654F-408F-BB09-14E892340780}.Release|x64.Build.0 = Release|x64
		{B5027471-654F-408F-BB09-14E892340780}.Release|x86.ActiveCfg = Release|Win32
		{B5027471-654F-408F-BB09-14E892340780}.Release|x86.Build.0 = Release|Win32
		{2C8AE4AD-5F09-4D26-9945-7B4154E00E1B}.Debug|x64.ActiveCfg = Debug|x64
		{2C8AE4AD-5F09-4D26-9945-7B4154E00E1B}.Debug|x64.Build.0 = Debug|x64
		{2C8AE4AD-5F09-4D26-9945-7B4154E00E1B}.Debug|x86.ActiveCfg = Debug|Win32
		{2C8AE4AD-5F09-4D26-9945-7B4154E00E1B}.Debug|x86.Build.0 = Debug|Win32
		{2C8AE4AD-5F09-4D26-9945-7B4154E00E1B}.Release|x64.ActiveCfg = Release|x64
		{2C8AE4AD-5F09-4D26-9945-7B4154E00E1B}.Release|x64.Build.0 = Release|x64
		{2C8AE4AD-5F09-4D26-9945-7B4154E00E1B}.Release|x86.ActiveCfg = Release|Win32
		{2C8AE4AD-5F09-4D26-9945-7B4154E00E1B}.Release|x86.Build.0 = Release|Win32
	EndGlobalSection
	GlobalSection(SolutionProperties) = preSolution
		HideSolutionNode = FALSE
	EndGlobalSection
	GlobalSection(ExtensibilityGlobals) = postSolution
		SolutionGuid = {4A2BD98B-0524-4C53-BDDC-CA4138154979}
	EndGlobalSection
EndGlobal
